
Microsoft Visual Studio Solution File, Format Version 12.00
# Visual Studio Version 16
VisualStudioVersion = 16.0.29905.134
MinimumVisualStudioVersion = 10.0.40219.1
Project("{FAE04EC0-301F-11D3-BF4B-00C04F79EFBC}") = "Kleen", "Kleen\Kleen.csproj", "{1DF7EB46-FDEA-463B-92D0-16173F21D69A}"
EndProject
Global
	GlobalSection(SolutionConfigurationPlatforms) = preSolution
		Debug|Any CPU = Debug|Any CPU
		Release|Any CPU = Release|Any CPU
	EndGlobalSection
	GlobalSection(ProjectConfigurationPlatforms) = postSolution
		{1DF7EB46-FDEA-463B-92D0-16173F21D69A}.Debug|Any CPU.ActiveCfg = Debug|Any CPU
		{1DF7EB46-FDEA-463B-92D0-16173F21D69A}.Debug|Any CPU.Build.0 = Debug|Any CPU
		{1DF7EB46-FDEA-463B-92D0-16173F21D69A}.Release|Any CPU.ActiveCfg = Release|Any CPU
		{1DF7EB46-FDEA-463B-92D0-16173F21D69A}.Release|Any CPU.Build.0 = Release|Any CPU
	EndGlobalSection
	GlobalSection(SolutionProperties) = preSolution
		HideSolutionNode = FALSE
	EndGlobalSection
	GlobalSection(ExtensibilityGlobals) = postSolution
		SolutionGuid = {D7465D03-FF51-469B-BFC1-41AA8A9C34AB}
	EndGlobalSection
EndGlobal
